// !$*UTF8*$!
{
	archiveVersion = 1;
	classes = {
	};
	objectVersion = 46;
	objects = {

/* Begin PBXBuildFile section */
		9C8129E717A177320028E75F /* Default-568h@2x.png in Resources */ = {isa = PBXBuildFile; fileRef = 9C8129E617A177320028E75F /* Default-568h@2x.png */; };
		9C8129EB17A178140028E75F /* Default@2x.png in Resources */ = {isa = PBXBuildFile; fileRef = 9C8129EA17A178140028E75F /* Default@2x.png */; };
		9C8129EF17A178640028E75F /* Default.png in Resources */ = {isa = PBXBuildFile; fileRef = 9C8129EE17A178640028E75F /* Default.png */; };
		9C8129F517A17A3B0028E75F /* Icon.png in Resources */ = {isa = PBXBuildFile; fileRef = 9C8129F417A17A3B0028E75F /* Icon.png */; };
		9C8129F717A17A3D0028E75F /* Icon@2x.png in Resources */ = {isa = PBXBuildFile; fileRef = 9C8129F617A17A3D0028E75F /* Icon@2x.png */; };
		9CA00AFE17979FC200F8BF0F /* UIKit.framework in Frameworks */ = {isa = PBXBuildFile; fileRef = 9CA00AFD17979FC200F8BF0F /* UIKit.framework */; };
		9CA00B0017979FC200F8BF0F /* Foundation.framework in Frameworks */ = {isa = PBXBuildFile; fileRef = 9CA00AFF17979FC200F8BF0F /* Foundation.framework */; };
		9CA00B0217979FC200F8BF0F /* CoreGraphics.framework in Frameworks */ = {isa = PBXBuildFile; fileRef = 9CA00B0117979FC200F8BF0F /* CoreGraphics.framework */; };
		9CA00B0817979FC200F8BF0F /* InfoPlist.strings in Resources */ = {isa = PBXBuildFile; fileRef = 9CA00B0617979FC200F8BF0F /* InfoPlist.strings */; };
		9CA00B0A17979FC200F8BF0F /* main.m in Sources */ = {isa = PBXBuildFile; fileRef = 9CA00B0917979FC200F8BF0F /* main.m */; };
		9CA00B0E17979FC200F8BF0F /* AppDelegate.m in Sources */ = {isa = PBXBuildFile; fileRef = 9CA00B0D17979FC200F8BF0F /* AppDelegate.m */; };
		9CA00B1717979FC200F8BF0F /* ViewController.m in Sources */ = {isa = PBXBuildFile; fileRef = 9CA00B1617979FC200F8BF0F /* ViewController.m */; };
		9CA00B1A17979FC200F8BF0F /* ViewController.xib in Resources */ = {isa = PBXBuildFile; fileRef = 9CA00B1817979FC200F8BF0F /* ViewController.xib */; };
		9CA00B231797A03200F8BF0F /* PhotoCaptureViewController.m in Sources */ = {isa = PBXBuildFile; fileRef = 9CA00B211797A03200F8BF0F /* PhotoCaptureViewController.m */; };
		9CA00B241797A03200F8BF0F /* PhotoCaptureViewController.xib in Resources */ = {isa = PBXBuildFile; fileRef = 9CA00B221797A03200F8BF0F /* PhotoCaptureViewController.xib */; };
		9CA00B281797A06900F8BF0F /* VideoCaptureViewController.m in Sources */ = {isa = PBXBuildFile; fileRef = 9CA00B261797A06900F8BF0F /* VideoCaptureViewController.m */; };
		9CA00B291797A06900F8BF0F /* VideoCaptureViewController.xib in Resources */ = {isa = PBXBuildFile; fileRef = 9CA00B271797A06900F8BF0F /* VideoCaptureViewController.xib */; };
		9CA00B2B1797A0C500F8BF0F /* MobileCoreServices.framework in Frameworks */ = {isa = PBXBuildFile; fileRef = 9CA00B2A1797A0C500F8BF0F /* MobileCoreServices.framework */; };
		9CA00B2D1797A28700F8BF0F /* 86-camera.png in Resources */ = {isa = PBXBuildFile; fileRef = 9CA00B2C1797A28700F8BF0F /* 86-camera.png */; };
		9CA00B2F1797A2F800F8BF0F /* 45-movie-1.png in Resources */ = {isa = PBXBuildFile; fileRef = 9CA00B2E1797A2F800F8BF0F /* 45-movie-1.png */; };
		9CA00B311797A38900F8BF0F /* 121-landscape.png in Resources */ = {isa = PBXBuildFile; fileRef = 9CA00B301797A38900F8BF0F /* 121-landscape.png */; };
/* End PBXBuildFile section */

/* Begin PBXFileReference section */
		9C8129E617A177320028E75F /* Default-568h@2x.png */ = {isa = PBXFileReference; lastKnownFileType = image.png; name = "Default-568h@2x.png"; path = "../Default-568h@2x.png"; sourceTree = "<group>"; };
		9C8129EA17A178140028E75F /* Default@2x.png */ = {isa = PBXFileReference; lastKnownFileType = image.png; name = "Default@2x.png"; path = "../Default@2x.png"; sourceTree = "<group>"; };
		9C8129EE17A178640028E75F /* Default.png */ = {isa = PBXFileReference; lastKnownFileType = image.png; name = Default.png; path = ../Default.png; sourceTree = "<group>"; };
		9C8129F417A17A3B0028E75F /* Icon.png */ = {isa = PBXFileReference; lastKnownFileType = image.png; name = Icon.png; path = ../Icon.png; sourceTree = "<group>"; };
		9C8129F617A17A3D0028E75F /* Icon@2x.png */ = {isa = PBXFileReference; lastKnownFileType = image.png; name = "Icon@2x.png"; path = "../Icon@2x.png"; sourceTree = "<group>"; };
		9CA00AFA17979FC200F8BF0F /* CamCapture.app */ = {isa = PBXFileReference; explicitFileType = wrapper.application; includeInIndex = 0; path = CamCapture.app; sourceTree = BUILT_PRODUCTS_DIR; };
		9CA00AFD17979FC200F8BF0F /* UIKit.framework */ = {isa = PBXFileReference; lastKnownFileType = wrapper.framework; name = UIKit.framework; path = System/Library/Frameworks/UIKit.framework; sourceTree = SDKROOT; };
		9CA00AFF17979FC200F8BF0F /* Foundation.framework */ = {isa = PBXFileReference; lastKnownFileType = wrapper.framework; name = Foundation.framework; path = System/Library/Frameworks/Foundation.framework; sourceTree = SDKROOT; };
		9CA00B0117979FC200F8BF0F /* CoreGraphics.framework */ = {isa = PBXFileReference; lastKnownFileType = wrapper.framework; name = CoreGraphics.framework; path = System/Library/Frameworks/CoreGraphics.framework; sourceTree = SDKROOT; };
		9CA00B0517979FC200F8BF0F /* CamCapture-Info.plist */ = {isa = PBXFileReference; lastKnownFileType = text.plist.xml; path = "CamCapture-Info.plist"; sourceTree = "<group>"; };
		9CA00B0717979FC200F8BF0F /* en */ = {isa = PBXFileReference; lastKnownFileType = text.plist.strings; name = en; path = en.lproj/InfoPlist.strings; sourceTree = "<group>"; };
		9CA00B0917979FC200F8BF0F /* main.m */ = {isa = PBXFileReference; lastKnownFileType = sourcecode.c.objc; path = main.m; sourceTree = "<group>"; };
		9CA00B0B17979FC200F8BF0F /* CamCapture-Prefix.pch */ = {isa = PBXFileReference; lastKnownFileType = sourcecode.c.h; path = "CamCapture-Prefix.pch"; sourceTree = "<group>"; };
		9CA00B0C17979FC200F8BF0F /* AppDelegate.h */ = {isa = PBXFileReference; lastKnownFileType = sourcecode.c.h; path = AppDelegate.h; sourceTree = "<group>"; };
		9CA00B0D17979FC200F8BF0F /* AppDelegate.m */ = {isa = PBXFileReference; lastKnownFileType = sourcecode.c.objc; path = AppDelegate.m; sourceTree = "<group>"; };
		9CA00B1517979FC200F8BF0F /* ViewController.h */ = {isa = PBXFileReference; lastKnownFileType = sourcecode.c.h; path = ViewController.h; sourceTree = "<group>"; };
		9CA00B1617979FC200F8BF0F /* ViewController.m */ = {isa = PBXFileReference; lastKnownFileType = sourcecode.c.objc; path = ViewController.m; sourceTree = "<group>"; };
		9CA00B1917979FC200F8BF0F /* en */ = {isa = PBXFileReference; lastKnownFileType = file.xib; name = en; path = en.lproj/ViewController.xib; sourceTree = "<group>"; };
		9CA00B201797A03200F8BF0F /* PhotoCaptureViewController.h */ = {isa = PBXFileReference; fileEncoding = 4; lastKnownFileType = sourcecode.c.h; path = PhotoCaptureViewController.h; sourceTree = "<group>"; };
		9CA00B211797A03200F8BF0F /* PhotoCaptureViewController.m */ = {isa = PBXFileReference; fileEncoding = 4; lastKnownFileType = sourcecode.c.objc; path = PhotoCaptureViewController.m; sourceTree = "<group>"; };
		9CA00B221797A03200F8BF0F /* PhotoCaptureViewController.xib */ = {isa = PBXFileReference; fileEncoding = 4; lastKnownFileType = file.xib; path = PhotoCaptureViewController.xib; sourceTree = "<group>"; };
		9CA00B251797A06900F8BF0F /* VideoCaptureViewController.h */ = {isa = PBXFileReference; fileEncoding = 4; lastKnownFileType = sourcecode.c.h; path = VideoCaptureViewController.h; sourceTree = "<group>"; };
		9CA00B261797A06900F8BF0F /* VideoCaptureViewController.m */ = {isa = PBXFileReference; fileEncoding = 4; lastKnownFileType = sourcecode.c.objc; path = VideoCaptureViewController.m; sourceTree = "<group>"; wrapsLines = 0; };
		9CA00B271797A06900F8BF0F /* VideoCaptureViewController.xib */ = {isa = PBXFileReference; fileEncoding = 4; lastKnownFileType = file.xib; path = VideoCaptureViewController.xib; sourceTree = "<group>"; };
		9CA00B2A1797A0C500F8BF0F /* MobileCoreServices.framework */ = {isa = PBXFileReference; lastKnownFileType = wrapper.framework; name = MobileCoreServices.framework; path = System/Library/Frameworks/MobileCoreServices.framework; sourceTree = SDKROOT; };
		9CA00B2C1797A28700F8BF0F /* 86-camera.png */ = {isa = PBXFileReference; lastKnownFileType = image.png; name = "86-camera.png"; path = "../86-camera.png"; sourceTree = "<group>"; };
		9CA00B2E1797A2F800F8BF0F /* 45-movie-1.png */ = {isa = PBXFileReference; lastKnownFileType = image.png; name = "45-movie-1.png"; path = "../45-movie-1.png"; sourceTree = "<group>"; };
		9CA00B301797A38900F8BF0F /* 121-landscape.png */ = {isa = PBXFileReference; lastKnownFileType = image.png; name = "121-landscape.png"; path = "../121-landscape.png"; sourceTree = "<group>"; };
/* End PBXFileReference section */

/* Begin PBXFrameworksBuildPhase section */
		9CA00AF717979FC200F8BF0F /* Frameworks */ = {
			isa = PBXFrameworksBuildPhase;
			buildActionMask = 2147483647;
			files = (
				9CA00B2B1797A0C500F8BF0F /* MobileCoreServices.framework in Frameworks */,
				9CA00AFE17979FC200F8BF0F /* UIKit.framework in Frameworks */,
				9CA00B0017979FC200F8BF0F /* Foundation.framework in Frameworks */,
				9CA00B0217979FC200F8BF0F /* CoreGraphics.framework in Frameworks */,
			);
			runOnlyForDeploymentPostprocessing = 0;
		};
/* End PBXFrameworksBuildPhase section */

/* Begin PBXGroup section */
		9CA00AF117979FC200F8BF0F = {
			isa = PBXGroup;
			children = (
				9CA00B0317979FC200F8BF0F /* CamCapture */,
				9CA00AFC17979FC200F8BF0F /* Frameworks */,
				9CA00AFB17979FC200F8BF0F /* Products */,
			);
			sourceTree = "<group>";
		};
		9CA00AFB17979FC200F8BF0F /* Products */ = {
			isa = PBXGroup;
			children = (
				9CA00AFA17979FC200F8BF0F /* CamCapture.app */,
			);
			name = Products;
			sourceTree = "<group>";
		};
		9CA00AFC17979FC200F8BF0F /* Frameworks */ = {
			isa = PBXGroup;
			children = (
				9CA00B2A1797A0C500F8BF0F /* MobileCoreServices.framework */,
				9CA00AFD17979FC200F8BF0F /* UIKit.framework */,
				9CA00AFF17979FC200F8BF0F /* Foundation.framework */,
				9CA00B0117979FC200F8BF0F /* CoreGraphics.framework */,
			);
			name = Frameworks;
			sourceTree = "<group>";
		};
		9CA00B0317979FC200F8BF0F /* CamCapture */ = {
			isa = PBXGroup;
			children = (
				9CA00B0C17979FC200F8BF0F /* AppDelegate.h */,
				9CA00B0D17979FC200F8BF0F /* AppDelegate.m */,
				9CA00B1517979FC200F8BF0F /* ViewController.h */,
				9CA00B1617979FC200F8BF0F /* ViewController.m */,
				9CA00B1817979FC200F8BF0F /* ViewController.xib */,
				9CA00B201797A03200F8BF0F /* PhotoCaptureViewController.h */,
				9CA00B211797A03200F8BF0F /* PhotoCaptureViewController.m */,
				9CA00B221797A03200F8BF0F /* PhotoCaptureViewController.xib */,
				9CA00B251797A06900F8BF0F /* VideoCaptureViewController.h */,
				9CA00B261797A06900F8BF0F /* VideoCaptureViewController.m */,
				9CA00B271797A06900F8BF0F /* VideoCaptureViewController.xib */,
				9CA00B0417979FC200F8BF0F /* Supporting Files */,
			);
			path = CamCapture;
			sourceTree = "<group>";
		};
		9CA00B0417979FC200F8BF0F /* Supporting Files */ = {
			isa = PBXGroup;
			children = (
				9C8129F617A17A3D0028E75F /* Icon@2x.png */,
				9C8129F417A17A3B0028E75F /* Icon.png */,
				9C8129EE17A178640028E75F /* Default.png */,
				9C8129EA17A178140028E75F /* Default@2x.png */,
				9C8129E617A177320028E75F /* Default-568h@2x.png */,
				9CA00B301797A38900F8BF0F /* 121-landscape.png */,
				9CA00B2E1797A2F800F8BF0F /* 45-movie-1.png */,
				9CA00B2C1797A28700F8BF0F /* 86-camera.png */,
				9CA00B0517979FC200F8BF0F /* CamCapture-Info.plist */,
				9CA00B0617979FC200F8BF0F /* InfoPlist.strings */,
				9CA00B0917979FC200F8BF0F /* main.m */,
				9CA00B0B17979FC200F8BF0F /* CamCapture-Prefix.pch */,
			);
			name = "Supporting Files";
			sourceTree = "<group>";
		};
/* End PBXGroup section */

/* Begin PBXNativeTarget section */
		9CA00AF917979FC200F8BF0F /* CamCapture */ = {
			isa = PBXNativeTarget;
			buildConfigurationList = 9CA00B1D17979FC200F8BF0F /* Build configuration list for PBXNativeTarget "CamCapture" */;
			buildPhases = (
				9CA00AF617979FC200F8BF0F /* Sources */,
				9CA00AF717979FC200F8BF0F /* Frameworks */,
				9CA00AF817979FC200F8BF0F /* Resources */,
			);
			buildRules = (
			);
			dependencies = (
			);
			name = CamCapture;
			productName = CamCapture;
			productReference = 9CA00AFA17979FC200F8BF0F /* CamCapture.app */;
			productType = "com.apple.product-type.application";
		};
/* End PBXNativeTarget section */

/* Begin PBXProject section */
		9CA00AF217979FC200F8BF0F /* Project object */ = {
			isa = PBXProject;
			attributes = {
				LastUpgradeCheck = 0460;
				ORGANIZATIONNAME = "Willson Ayotte";
			};
			buildConfigurationList = 9CA00AF517979FC200F8BF0F /* Build configuration list for PBXProject "CamCapture" */;
			compatibilityVersion = "Xcode 3.2";
			developmentRegion = English;
			hasScannedForEncodings = 0;
			knownRegions = (
				en,
			);
			mainGroup = 9CA00AF117979FC200F8BF0F;
			productRefGroup = 9CA00AFB17979FC200F8BF0F /* Products */;
			projectDirPath = "";
			projectRoot = "";
			targets = (
				9CA00AF917979FC200F8BF0F /* CamCapture */,
			);
		};
/* End PBXProject section */

/* Begin PBXResourcesBuildPhase section */
		9CA00AF817979FC200F8BF0F /* Resources */ = {
			isa = PBXResourcesBuildPhase;
			buildActionMask = 2147483647;
			files = (
				9CA00B0817979FC200F8BF0F /* InfoPlist.strings in Resources */,
				9CA00B1A17979FC200F8BF0F /* ViewController.xib in Resources */,
				9CA00B241797A03200F8BF0F /* PhotoCaptureViewController.xib in Resources */,
				9CA00B291797A06900F8BF0F /* VideoCaptureViewController.xib in Resources */,
				9CA00B2D1797A28700F8BF0F /* 86-camera.png in Resources */,
				9CA00B2F1797A2F800F8BF0F /* 45-movie-1.png in Resources */,
				9CA00B311797A38900F8BF0F /* 121-landscape.png in Resources */,
				9C8129E717A177320028E75F /* Default-568h@2x.png in Resources */,
				9C8129EB17A178140028E75F /* Default@2x.png in Resources */,
				9C8129EF17A178640028E75F /* Default.png in Resources */,
				9C8129F517A17A3B0028E75F /* Icon.png in Resources */,
				9C8129F717A17A3D0028E75F /* Icon@2x.png in Resources */,
			);
			runOnlyForDeploymentPostprocessing = 0;
		};
/* End PBXResourcesBuildPhase section */

/* Begin PBXSourcesBuildPhase section */
		9CA00AF617979FC200F8BF0F /* Sources */ = {
			isa = PBXSourcesBuildPhase;
			buildActionMask = 2147483647;
			files = (
				9CA00B0A17979FC200F8BF0F /* main.m in Sources */,
				9CA00B0E17979FC200F8BF0F /* AppDelegate.m in Sources */,
				9CA00B1717979FC200F8BF0F /* ViewController.m in Sources */,
				9CA00B231797A03200F8BF0F /* PhotoCaptureViewController.m in Sources */,
				9CA00B281797A06900F8BF0F /* VideoCaptureViewController.m in Sources */,
			);
			runOnlyForDeploymentPostprocessing = 0;
		};
/* End PBXSourcesBuildPhase section */

/* Begin PBXVariantGroup section */
		9CA00B0617979FC200F8BF0F /* InfoPlist.strings */ = {
			isa = PBXVariantGroup;
			children = (
				9CA00B0717979FC200F8BF0F /* en */,
			);
			name = InfoPlist.strings;
			sourceTree = "<group>";
		};
		9CA00B1817979FC200F8BF0F /* ViewController.xib */ = {
			isa = PBXVariantGroup;
			children = (
				9CA00B1917979FC200F8BF0F /* en */,
			);
			name = ViewController.xib;
			sourceTree = "<group>";
		};
/* End PBXVariantGroup section */

/* Begin XCBuildConfiguration section */
		9CA00B1B17979FC200F8BF0F /* Debug */ = {
			isa = XCBuildConfiguration;
			buildSettings = {
				ALWAYS_SEARCH_USER_PATHS = NO;
				CLANG_CXX_LANGUAGE_STANDARD = "gnu++0x";
				CLANG_CXX_LIBRARY = "libc++";
				CLANG_ENABLE_OBJC_ARC = YES;
				CLANG_WARN_CONSTANT_CONVERSION = YES;
				CLANG_WARN_EMPTY_BODY = YES;
				CLANG_WARN_ENUM_CONVERSION = YES;
				CLANG_WARN_INT_CONVERSION = YES;
				CLANG_WARN__DUPLICATE_METHOD_MATCH = YES;
				"CODE_SIGN_IDENTITY[sdk=iphoneos*]" = "iPhone Developer";
				COPY_PHASE_STRIP = NO;
				GCC_C_LANGUAGE_STANDARD = gnu99;
				GCC_DYNAMIC_NO_PIC = NO;
				GCC_OPTIMIZATION_LEVEL = 0;
				GCC_PREPROCESSOR_DEFINITIONS = (
					"DEBUG=1",
					"$(inherited)",
				);
				GCC_SYMBOLS_PRIVATE_EXTERN = NO;
				GCC_WARN_ABOUT_RETURN_TYPE = YES;
				GCC_WARN_UNINITIALIZED_AUTOS = YES;
				GCC_WARN_UNUSED_VARIABLE = YES;
				IPHONEOS_DEPLOYMENT_TARGET = 6.1;
				ONLY_ACTIVE_ARCH = YES;
				SDKROOT = iphoneos;
			};
			name = Debug;
		};
		9CA00B1C17979FC200F8BF0F /* Release */ = {
			isa = XCBuildConfiguration;
			buildSettings = {
				ALWAYS_SEARCH_USER_PATHS = NO;
				CLANG_CXX_LANGUAGE_STANDARD = "gnu++0x";
				CLANG_CXX_LIBRARY = "libc++";
				CLANG_ENABLE_OBJC_ARC = YES;
				CLANG_WARN_CONSTANT_CONVERSION = YES;
				CLANG_WARN_EMPTY_BODY = YES;
				CLANG_WARN_ENUM_CONVERSION = YES;
				CLANG_WARN_INT_CONVERSION = YES;
				CLANG_WARN__DUPLICATE_METHOD_MATCH = YES;
				"CODE_SIGN_IDENTITY[sdk=iphoneos*]" = "iPhone Developer";
				COPY_PHASE_STRIP = YES;
				GCC_C_LANGUAGE_STANDARD = gnu99;
				GCC_WARN_ABOUT_RETURN_TYPE = YES;
				GCC_WARN_UNINITIALIZED_AUTOS = YES;
				GCC_WARN_UNUSED_VARIABLE = YES;
				IPHONEOS_DEPLOYMENT_TARGET = 6.1;
				OTHER_CFLAGS = "-DNS_BLOCK_ASSERTIONS=1";
				SDKROOT = iphoneos;
				VALIDATE_PRODUCT = YES;
			};
			name = Release;
		};
		9CA00B1E17979FC200F8BF0F /* Debug */ = {
			isa = XCBuildConfiguration;
			buildSettings = {
				GCC_PRECOMPILE_PREFIX_HEADER = YES;
				GCC_PREFIX_HEADER = "CamCapture/CamCapture-Prefix.pch";
				INFOPLIST_FILE = "CamCapture/CamCapture-Info.plist";
				PRODUCT_NAME = "$(TARGET_NAME)";
				WRAPPER_EXTENSION = app;
			};
			name = Debug;
		};
		9CA00B1F17979FC200F8BF0F /* Release */ = {
			isa = XCBuildConfiguration;
			buildSettings = {
				GCC_PRECOMPILE_PREFIX_HEADER = YES;
				GCC_PREFIX_HEADER = "CamCapture/CamCapture-Prefix.pch";
				INFOPLIST_FILE = "CamCapture/CamCapture-Info.plist";
				PRODUCT_NAME = "$(TARGET_NAME)";
				WRAPPER_EXTENSION = app;
			};
			name = Release;
		};
/* End XCBuildConfiguration section */

/* Begin XCConfigurationList section */
		9CA00AF517979FC200F8BF0F /* Build configuration list for PBXProject "CamCapture" */ = {
			isa = XCConfigurationList;
			buildConfigurations = (
				9CA00B1B17979FC200F8BF0F /* Debug */,
				9CA00B1C17979FC200F8BF0F /* Release */,
			);
			defaultConfigurationIsVisible = 0;
			defaultConfigurationName = Release;
		};
		9CA00B1D17979FC200F8BF0F /* Build configuration list for PBXNativeTarget "CamCapture" */ = {
			isa = XCConfigurationList;
			buildConfigurations = (
				9CA00B1E17979FC200F8BF0F /* Debug */,
				9CA00B1F17979FC200F8BF0F /* Release */,
			);
			defaultConfigurationIsVisible = 0;
			defaultConfigurationName = Release;
		};
/* End XCConfigurationList section */
	};
	rootObject = 9CA00AF217979FC200F8BF0F /* Project object */;
}
